
Microsoft Visual Studio Solution File, Format Version 12.00
# Visual Studio 15
VisualStudioVersion = 15.0.26730.8
MinimumVisualStudioVersion = 10.0.40219.1
Project("{FAE04EC0-301F-11D3-BF4B-00C04F79EFBC}") = "AoCDay15", "AoCDay15.csproj", "{40802C04-43B4-4600-8EB6-09CE566E3D6F}"
EndProject
Global
	GlobalSection(SolutionConfigurationPlatforms) = preSolution
		Debug|Any CPU = Debug|Any CPU
		Release|Any CPU = Release|Any CPU
	EndGlobalSection
	GlobalSection(ProjectConfigurationPlatforms) = postSolution
		{40802C04-43B4-4600-8EB6-09CE566E3D6F}.Debug|Any CPU.ActiveCfg = Debug|Any CPU
		{40802C04-43B4-4600-8EB6-09CE566E3D6F}.Debug|Any CPU.Build.0 = Debug|Any CPU
		{40802C04-43B4-4600-8EB6-09CE566E3D6F}.Release|Any CPU.ActiveCfg = Release|Any CPU
		{40802C04-43B4-4600-8EB6-09CE566E3D6F}.Release|Any CPU.Build.0 = Release|Any CPU
	EndGlobalSection
	GlobalSection(SolutionProperties) = preSolution
		HideSolutionNode = FALSE
	EndGlobalSection
	GlobalSection(ExtensibilityGlobals) = postSolution
		SolutionGuid = {77487E02-B692-48E5-9902-6720EF9A79BD}
	EndGlobalSection
EndGlobal
