
Microsoft Visual Studio Solution File, Format Version 12.00
# Visual Studio 15
VisualStudioVersion = 15.0.26730.8
MinimumVisualStudioVersion = 10.0.40219.1
Project("{FAE04EC0-301F-11D3-BF4B-00C04F79EFBC}") = "AoCDay16", "AoCDay16.csproj", "{898BB432-2981-4938-AD2D-5F48802C4A7A}"
EndProject
Global
	GlobalSection(SolutionConfigurationPlatforms) = preSolution
		Debug|Any CPU = Debug|Any CPU
		Release|Any CPU = Release|Any CPU
	EndGlobalSection
	GlobalSection(ProjectConfigurationPlatforms) = postSolution
		{898BB432-2981-4938-AD2D-5F48802C4A7A}.Debug|Any CPU.ActiveCfg = Debug|Any CPU
		{898BB432-2981-4938-AD2D-5F48802C4A7A}.Debug|Any CPU.Build.0 = Debug|Any CPU
		{898BB432-2981-4938-AD2D-5F48802C4A7A}.Release|Any CPU.ActiveCfg = Release|Any CPU
		{898BB432-2981-4938-AD2D-5F48802C4A7A}.Release|Any CPU.Build.0 = Release|Any CPU
	EndGlobalSection
	GlobalSection(SolutionProperties) = preSolution
		HideSolutionNode = FALSE
	EndGlobalSection
	GlobalSection(ExtensibilityGlobals) = postSolution
		SolutionGuid = {8C0D3883-B982-4340-AE1B-FEE16E8D8B53}
	EndGlobalSection
EndGlobal
