
Microsoft Visual Studio Solution File, Format Version 12.00
# Visual Studio 15
VisualStudioVersion = 15.0.26730.8
MinimumVisualStudioVersion = 10.0.40219.1
Project("{FAE04EC0-301F-11D3-BF4B-00C04F79EFBC}") = "AoCDay14", "AoCDay14.csproj", "{11E823A6-57D5-4B13-B207-7E469992E557}"
EndProject
Global
	GlobalSection(SolutionConfigurationPlatforms) = preSolution
		Debug|Any CPU = Debug|Any CPU
		Release|Any CPU = Release|Any CPU
	EndGlobalSection
	GlobalSection(ProjectConfigurationPlatforms) = postSolution
		{11E823A6-57D5-4B13-B207-7E469992E557}.Debug|Any CPU.ActiveCfg = Debug|Any CPU
		{11E823A6-57D5-4B13-B207-7E469992E557}.Debug|Any CPU.Build.0 = Debug|Any CPU
		{11E823A6-57D5-4B13-B207-7E469992E557}.Release|Any CPU.ActiveCfg = Release|Any CPU
		{11E823A6-57D5-4B13-B207-7E469992E557}.Release|Any CPU.Build.0 = Release|Any CPU
	EndGlobalSection
	GlobalSection(SolutionProperties) = preSolution
		HideSolutionNode = FALSE
	EndGlobalSection
	GlobalSection(ExtensibilityGlobals) = postSolution
		SolutionGuid = {FE916C1B-6A01-4BA5-BF6C-86FA05B2FA2C}
	EndGlobalSection
EndGlobal
