
Microsoft Visual Studio Solution File, Format Version 12.00
# Visual Studio 15
VisualStudioVersion = 15.0.26430.16
MinimumVisualStudioVersion = 10.0.40219.1
Project("{FAE04EC0-301F-11D3-BF4B-00C04F79EFBC}") = "AoCDay4", "AoCDay4.csproj", "{641F4590-DC63-4132-B8B0-1C5DC508BCE7}"
EndProject
Project("{FAE04EC0-301F-11D3-BF4B-00C04F79EFBC}") = "AoCDay4Part2", "..\AoCDay4Part2\AoCDay4Part2.csproj", "{B8B44620-E372-41D8-BD9B-AEF2751B29DA}"
EndProject
Global
	GlobalSection(SolutionConfigurationPlatforms) = preSolution
		Debug|Any CPU = Debug|Any CPU
		Release|Any CPU = Release|Any CPU
	EndGlobalSection
	GlobalSection(ProjectConfigurationPlatforms) = postSolution
		{641F4590-DC63-4132-B8B0-1C5DC508BCE7}.Debug|Any CPU.ActiveCfg = Debug|Any CPU
		{641F4590-DC63-4132-B8B0-1C5DC508BCE7}.Debug|Any CPU.Build.0 = Debug|Any CPU
		{641F4590-DC63-4132-B8B0-1C5DC508BCE7}.Release|Any CPU.ActiveCfg = Release|Any CPU
		{641F4590-DC63-4132-B8B0-1C5DC508BCE7}.Release|Any CPU.Build.0 = Release|Any CPU
		{B8B44620-E372-41D8-BD9B-AEF2751B29DA}.Debug|Any CPU.ActiveCfg = Debug|Any CPU
		{B8B44620-E372-41D8-BD9B-AEF2751B29DA}.Debug|Any CPU.Build.0 = Debug|Any CPU
		{B8B44620-E372-41D8-BD9B-AEF2751B29DA}.Release|Any CPU.ActiveCfg = Release|Any CPU
		{B8B44620-E372-41D8-BD9B-AEF2751B29DA}.Release|Any CPU.Build.0 = Release|Any CPU
	EndGlobalSection
	GlobalSection(SolutionProperties) = preSolution
		HideSolutionNode = FALSE
	EndGlobalSection
EndGlobal
