
Microsoft Visual Studio Solution File, Format Version 12.00
# Visual Studio 15
VisualStudioVersion = 15.0.26730.8
MinimumVisualStudioVersion = 10.0.40219.1
Project("{FAE04EC0-301F-11D3-BF4B-00C04F79EFBC}") = "KnotHasher", "KnotHasher.csproj", "{FAFF58BA-DBEC-4313-9D65-D8AE4F7FABDD}"
EndProject
Global
	GlobalSection(SolutionConfigurationPlatforms) = preSolution
		Debug|Any CPU = Debug|Any CPU
		Release|Any CPU = Release|Any CPU
	EndGlobalSection
	GlobalSection(ProjectConfigurationPlatforms) = postSolution
		{FAFF58BA-DBEC-4313-9D65-D8AE4F7FABDD}.Debug|Any CPU.ActiveCfg = Debug|Any CPU
		{FAFF58BA-DBEC-4313-9D65-D8AE4F7FABDD}.Debug|Any CPU.Build.0 = Debug|Any CPU
		{FAFF58BA-DBEC-4313-9D65-D8AE4F7FABDD}.Release|Any CPU.ActiveCfg = Release|Any CPU
		{FAFF58BA-DBEC-4313-9D65-D8AE4F7FABDD}.Release|Any CPU.Build.0 = Release|Any CPU
	EndGlobalSection
	GlobalSection(SolutionProperties) = preSolution
		HideSolutionNode = FALSE
	EndGlobalSection
	GlobalSection(ExtensibilityGlobals) = postSolution
		SolutionGuid = {A6400837-3775-479D-A920-74DEF9209CF3}
	EndGlobalSection
EndGlobal
